
Microsoft Visual Studio Solution File, Format Version 12.00
# Visual Studio 15
VisualStudioVersion = 15.0.28010.2026
MinimumVisualStudioVersion = 10.0.40219.1
Project("{9A19103F-16F7-4668-BE54-9A1E7A4F7556}") = "BesiGourmet", "BesiGourmet\BesiGourmet.csproj", "{E11FFA02-5E07-48A4-A4D0-05579C714A72}"
EndProject
Global
	GlobalSection(SolutionConfigurationPlatforms) = preSolution
		Debug|Any CPU = Debug|Any CPU
		Release|Any CPU = Release|Any CPU
	EndGlobalSection
	GlobalSection(ProjectConfigurationPlatforms) = postSolution
		{E11FFA02-5E07-48A4-A4D0-05579C714A72}.Debug|Any CPU.ActiveCfg = Debug|Any CPU
		{E11FFA02-5E07-48A4-A4D0-05579C714A72}.Debug|Any CPU.Build.0 = Debug|Any CPU
		{E11FFA02-5E07-48A4-A4D0-05579C714A72}.Release|Any CPU.ActiveCfg = Release|Any CPU
		{E11FFA02-5E07-48A4-A4D0-05579C714A72}.Release|Any CPU.Build.0 = Release|Any CPU
	EndGlobalSection
	GlobalSection(SolutionProperties) = preSolution
		HideSolutionNode = FALSE
	EndGlobalSection
	GlobalSection(ExtensibilityGlobals) = postSolution
		SolutionGuid = {A6E566F6-025C-4DF6-98E8-8C8474B79373}
	EndGlobalSection
EndGlobal
